
Microsoft Visual Studio Solution File, Format Version 12.00
# Visual Studio Version 17
VisualStudioVersion = 17.0.31903.59
MinimumVisualStudioVersion = 10.0.40219.1
Project("{2150E333-8FDC-42A3-9474-1A3956D46DE8}") = "Common", "Common", "{881589EE-639B-0A35-DBCE-5D94E4FC90C0}"
EndProject
Project("{FAE04EC0-301F-11D3-BF4B-00C04F79EFBC}") = "Kida.Identity.Contracts", "Contracts\Kida.Identity.Contracts\Kida.Identity.Contracts.csproj", "{60D61A9E-0636-4C43-9663-BD92A538C6DB}"
EndProject
Project("{FAE04EC0-301F-11D3-BF4B-00C04F79EFBC}") = "Kida.Access.Contracts", "Contracts\Kida.Access.Contracts\Kida.Access.Contracts.csproj", "{A6DAC626-4058-4387-90FC-3083803B5671}"
EndProject
Project("{FAE04EC0-301F-11D3-BF4B-00C04F79EFBC}") = "Kida.Access.Domain", "Contracts\Kida.Access.Domain\Kida.Access.Domain.csproj", "{06BB9C27-F4FC-49A9-8E07-5928C4F5BA82}"
EndProject
Project("{FAE04EC0-301F-11D3-BF4B-00C04F79EFBC}") = "Kida.Tenancy.Contracts", "Contracts\Kida.Tenancy.Contracts\Kida.Tenancy.Contracts.csproj", "{31F89098-E648-4395-B414-F5EB9DE64550}"
EndProject
Project("{FAE04EC0-301F-11D3-BF4B-00C04F79EFBC}") = "Kida.Contracts", "Contracts\Kida.Contracts\Kida.Contracts.csproj", "{AFA2E92F-BD86-4B6E-B905-34E08BC292AB}"
EndProject
Project("{FAE04EC0-301F-11D3-BF4B-00C04F79EFBC}") = "Kida.Service.Client", "Clients\Kida.Service.Client\Kida.Service.Client.csproj", "{0AB22212-EA79-49C2-B34A-A7506BE77108}"
EndProject
Project("{FAE04EC0-301F-11D3-BF4B-00C04F79EFBC}") = "Kida.ResourceServer", "ResourceServer\Kida.ResourceServer\Kida.ResourceServer.csproj", "{E3D62F0E-BEE4-45A8-A0B6-BC6FBDD4E228}"
EndProject
Project("{FAE04EC0-301F-11D3-BF4B-00C04F79EFBC}") = "Kida.AuthEdge", "AuthEdge\Kida.AuthEdge\Kida.AuthEdge.csproj", "{CC53FF14-07A9-4933-BB8B-393B54BD1688}"
EndProject
Global
	GlobalSection(SolutionConfigurationPlatforms) = preSolution
		Debug|Any CPU = Debug|Any CPU
		Debug|x64 = Debug|x64
		Debug|x86 = Debug|x86
		Release|Any CPU = Release|Any CPU
		Release|x64 = Release|x64
		Release|x86 = Release|x86
	EndGlobalSection
	GlobalSection(ProjectConfigurationPlatforms) = postSolution
		{60D61A9E-0636-4C43-9663-BD92A538C6DB}.Debug|Any CPU.ActiveCfg = Debug|Any CPU
		{60D61A9E-0636-4C43-9663-BD92A538C6DB}.Debug|Any CPU.Build.0 = Debug|Any CPU
		{60D61A9E-0636-4C43-9663-BD92A538C6DB}.Debug|x64.ActiveCfg = Debug|Any CPU
		{60D61A9E-0636-4C43-9663-BD92A538C6DB}.Debug|x64.Build.0 = Debug|Any CPU
		{60D61A9E-0636-4C43-9663-BD92A538C6DB}.Debug|x86.ActiveCfg = Debug|Any CPU
		{60D61A9E-0636-4C43-9663-BD92A538C6DB}.Debug|x86.Build.0 = Debug|Any CPU
		{60D61A9E-0636-4C43-9663-BD92A538C6DB}.Release|Any CPU.ActiveCfg = Release|Any CPU
		{60D61A9E-0636-4C43-9663-BD92A538C6DB}.Release|Any CPU.Build.0 = Release|Any CPU
		{60D61A9E-0636-4C43-9663-BD92A538C6DB}.Release|x64.ActiveCfg = Release|Any CPU
		{60D61A9E-0636-4C43-9663-BD92A538C6DB}.Release|x64.Build.0 = Release|Any CPU
		{60D61A9E-0636-4C43-9663-BD92A538C6DB}.Release|x86.ActiveCfg = Release|Any CPU
		{60D61A9E-0636-4C43-9663-BD92A538C6DB}.Release|x86.Build.0 = Release|Any CPU
		{A6DAC626-4058-4387-90FC-3083803B5671}.Debug|Any CPU.ActiveCfg = Debug|Any CPU
		{A6DAC626-4058-4387-90FC-3083803B5671}.Debug|Any CPU.Build.0 = Debug|Any CPU
		{A6DAC626-4058-4387-90FC-3083803B5671}.Debug|x64.ActiveCfg = Debug|Any CPU
		{A6DAC626-4058-4387-90FC-3083803B5671}.Debug|x64.Build.0 = Debug|Any CPU
		{A6DAC626-4058-4387-90FC-3083803B5671}.Debug|x86.ActiveCfg = Debug|Any CPU
		{A6DAC626-4058-4387-90FC-3083803B5671}.Debug|x86.Build.0 = Debug|Any CPU
		{A6DAC626-4058-4387-90FC-3083803B5671}.Release|Any CPU.ActiveCfg = Release|Any CPU
		{A6DAC626-4058-4387-90FC-3083803B5671}.Release|Any CPU.Build.0 = Release|Any CPU
		{A6DAC626-4058-4387-90FC-3083803B5671}.Release|x64.ActiveCfg = Release|Any CPU
		{A6DAC626-4058-4387-90FC-3083803B5671}.Release|x64.Build.0 = Release|Any CPU
		{A6DAC626-4058-4387-90FC-3083803B5671}.Release|x86.ActiveCfg = Release|Any CPU
		{A6DAC626-4058-4387-90FC-3083803B5671}.Release|x86.Build.0 = Release|Any CPU
		{06BB9C27-F4FC-49A9-8E07-5928C4F5BA82}.Debug|Any CPU.ActiveCfg = Debug|Any CPU
		{06BB9C27-F4FC-49A9-8E07-5928C4F5BA82}.Debug|Any CPU.Build.0 = Debug|Any CPU
		{06BB9C27-F4FC-49A9-8E07-5928C4F5BA82}.Debug|x64.ActiveCfg = Debug|Any CPU
		{06BB9C27-F4FC-49A9-8E07-5928C4F5BA82}.Debug|x64.Build.0 = Debug|Any CPU
		{06BB9C27-F4FC-49A9-8E07-5928C4F5BA82}.Debug|x86.ActiveCfg = Debug|Any CPU
		{06BB9C27-F4FC-49A9-8E07-5928C4F5BA82}.Debug|x86.Build.0 = Debug|Any CPU
		{06BB9C27-F4FC-49A9-8E07-5928C4F5BA82}.Release|Any CPU.ActiveCfg = Release|Any CPU
		{06BB9C27-F4FC-49A9-8E07-5928C4F5BA82}.Release|Any CPU.Build.0 = Release|Any CPU
		{06BB9C27-F4FC-49A9-8E07-5928C4F5BA82}.Release|x64.ActiveCfg = Release|Any CPU
		{06BB9C27-F4FC-49A9-8E07-5928C4F5BA82}.Release|x64.Build.0 = Release|Any CPU
		{06BB9C27-F4FC-49A9-8E07-5928C4F5BA82}.Release|x86.ActiveCfg = Release|Any CPU
		{06BB9C27-F4FC-49A9-8E07-5928C4F5BA82}.Release|x86.Build.0 = Release|Any CPU
		{31F89098-E648-4395-B414-F5EB9DE64550}.Debug|Any CPU.ActiveCfg = Debug|Any CPU
		{31F89098-E648-4395-B414-F5EB9DE64550}.Debug|Any CPU.Build.0 = Debug|Any CPU
		{31F89098-E648-4395-B414-F5EB9DE64550}.Debug|x64.ActiveCfg = Debug|Any CPU
		{31F89098-E648-4395-B414-F5EB9DE64550}.Debug|x64.Build.0 = Debug|Any CPU
		{31F89098-E648-4395-B414-F5EB9DE64550}.Debug|x86.ActiveCfg = Debug|Any CPU
		{31F89098-E648-4395-B414-F5EB9DE64550}.Debug|x86.Build.0 = Debug|Any CPU
		{31F89098-E648-4395-B414-F5EB9DE64550}.Release|Any CPU.ActiveCfg = Release|Any CPU
		{31F89098-E648-4395-B414-F5EB9DE64550}.Release|Any CPU.Build.0 = Release|Any CPU
		{31F89098-E648-4395-B414-F5EB9DE64550}.Release|x64.ActiveCfg = Release|Any CPU
		{31F89098-E648-4395-B414-F5EB9DE64550}.Release|x64.Build.0 = Release|Any CPU
		{31F89098-E648-4395-B414-F5EB9DE64550}.Release|x86.ActiveCfg = Release|Any CPU
		{31F89098-E648-4395-B414-F5EB9DE64550}.Release|x86.Build.0 = Release|Any CPU
		{AFA2E92F-BD86-4B6E-B905-34E08BC292AB}.Debug|Any CPU.ActiveCfg = Debug|Any CPU
		{AFA2E92F-BD86-4B6E-B905-34E08BC292AB}.Debug|Any CPU.Build.0 = Debug|Any CPU
		{AFA2E92F-BD86-4B6E-B905-34E08BC292AB}.Debug|x64.ActiveCfg = Debug|Any CPU
		{AFA2E92F-BD86-4B6E-B905-34E08BC292AB}.Debug|x64.Build.0 = Debug|Any CPU
		{AFA2E92F-BD86-4B6E-B905-34E08BC292AB}.Debug|x86.ActiveCfg = Debug|Any CPU
		{AFA2E92F-BD86-4B6E-B905-34E08BC292AB}.Debug|x86.Build.0 = Debug|Any CPU
		{AFA2E92F-BD86-4B6E-B905-34E08BC292AB}.Release|Any CPU.ActiveCfg = Release|Any CPU
		{AFA2E92F-BD86-4B6E-B905-34E08BC292AB}.Release|Any CPU.Build.0 = Release|Any CPU
		{AFA2E92F-BD86-4B6E-B905-34E08BC292AB}.Release|x64.ActiveCfg = Release|Any CPU
		{AFA2E92F-BD86-4B6E-B905-34E08BC292AB}.Release|x64.Build.0 = Release|Any CPU
		{AFA2E92F-BD86-4B6E-B905-34E08BC292AB}.Release|x86.ActiveCfg = Release|Any CPU
		{AFA2E92F-BD86-4B6E-B905-34E08BC292AB}.Release|x86.Build.0 = Release|Any CPU
		{0AB22212-EA79-49C2-B34A-A7506BE77108}.Debug|Any CPU.ActiveCfg = Debug|Any CPU
		{0AB22212-EA79-49C2-B34A-A7506BE77108}.Debug|Any CPU.Build.0 = Debug|Any CPU
		{0AB22212-EA79-49C2-B34A-A7506BE77108}.Debug|x64.ActiveCfg = Debug|Any CPU
		{0AB22212-EA79-49C2-B34A-A7506BE77108}.Debug|x64.Build.0 = Debug|Any CPU
		{0AB22212-EA79-49C2-B34A-A7506BE77108}.Debug|x86.ActiveCfg = Debug|Any CPU
		{0AB22212-EA79-49C2-B34A-A7506BE77108}.Debug|x86.Build.0 = Debug|Any CPU
		{0AB22212-EA79-49C2-B34A-A7506BE77108}.Release|Any CPU.ActiveCfg = Release|Any CPU
		{0AB22212-EA79-49C2-B34A-A7506BE77108}.Release|Any CPU.Build.0 = Release|Any CPU
		{0AB22212-EA79-49C2-B34A-A7506BE77108}.Release|x64.ActiveCfg = Release|Any CPU
		{0AB22212-EA79-49C2-B34A-A7506BE77108}.Release|x64.Build.0 = Release|Any CPU
		{0AB22212-EA79-49C2-B34A-A7506BE77108}.Release|x86.ActiveCfg = Release|Any CPU
		{0AB22212-EA79-49C2-B34A-A7506BE77108}.Release|x86.Build.0 = Release|Any CPU
		{E3D62F0E-BEE4-45A8-A0B6-BC6FBDD4E228}.Debug|Any CPU.ActiveCfg = Debug|Any CPU
		{E3D62F0E-BEE4-45A8-A0B6-BC6FBDD4E228}.Debug|Any CPU.Build.0 = Debug|Any CPU
		{E3D62F0E-BEE4-45A8-A0B6-BC6FBDD4E228}.Debug|x64.ActiveCfg = Debug|Any CPU
		{E3D62F0E-BEE4-45A8-A0B6-BC6FBDD4E228}.Debug|x64.Build.0 = Debug|Any CPU
		{E3D62F0E-BEE4-45A8-A0B6-BC6FBDD4E228}.Debug|x86.ActiveCfg = Debug|Any CPU
		{E3D62F0E-BEE4-45A8-A0B6-BC6FBDD4E228}.Debug|x86.Build.0 = Debug|Any CPU
		{E3D62F0E-BEE4-45A8-A0B6-BC6FBDD4E228}.Release|Any CPU.ActiveCfg = Release|Any CPU
		{E3D62F0E-BEE4-45A8-A0B6-BC6FBDD4E228}.Release|Any CPU.Build.0 = Release|Any CPU
		{E3D62F0E-BEE4-45A8-A0B6-BC6FBDD4E228}.Release|x64.ActiveCfg = Release|Any CPU
		{E3D62F0E-BEE4-45A8-A0B6-BC6FBDD4E228}.Release|x64.Build.0 = Release|Any CPU
		{E3D62F0E-BEE4-45A8-A0B6-BC6FBDD4E228}.Release|x86.ActiveCfg = Release|Any CPU
		{E3D62F0E-BEE4-45A8-A0B6-BC6FBDD4E228}.Release|x86.Build.0 = Release|Any CPU
		{CC53FF14-07A9-4933-BB8B-393B54BD1688}.Debug|Any CPU.ActiveCfg = Debug|Any CPU
		{CC53FF14-07A9-4933-BB8B-393B54BD1688}.Debug|Any CPU.Build.0 = Debug|Any CPU
		{CC53FF14-07A9-4933-BB8B-393B54BD1688}.Debug|x64.ActiveCfg = Debug|Any CPU
		{CC53FF14-07A9-4933-BB8B-393B54BD1688}.Debug|x64.Build.0 = Debug|Any CPU
		{CC53FF14-07A9-4933-BB8B-393B54BD1688}.Debug|x86.ActiveCfg = Debug|Any CPU
		{CC53FF14-07A9-4933-BB8B-393B54BD1688}.Debug|x86.Build.0 = Debug|Any CPU
		{CC53FF14-07A9-4933-BB8B-393B54BD1688}.Release|Any CPU.ActiveCfg = Release|Any CPU
		{CC53FF14-07A9-4933-BB8B-393B54BD1688}.Release|Any CPU.Build.0 = Release|Any CPU
		{CC53FF14-07A9-4933-BB8B-393B54BD1688}.Release|x64.ActiveCfg = Release|Any CPU
		{CC53FF14-07A9-4933-BB8B-393B54BD1688}.Release|x64.Build.0 = Release|Any CPU
		{CC53FF14-07A9-4933-BB8B-393B54BD1688}.Release|x86.ActiveCfg = Release|Any CPU
		{CC53FF14-07A9-4933-BB8B-393B54BD1688}.Release|x86.Build.0 = Release|Any CPU
	EndGlobalSection
	GlobalSection(SolutionProperties) = preSolution
		HideSolutionNode = FALSE
	EndGlobalSection
	GlobalSection(NestedProjects) = preSolution
		{60D61A9E-0636-4C43-9663-BD92A538C6DB} = {881589EE-639B-0A35-DBCE-5D94E4FC90C0}
		{A6DAC626-4058-4387-90FC-3083803B5671} = {881589EE-639B-0A35-DBCE-5D94E4FC90C0}
		{06BB9C27-F4FC-49A9-8E07-5928C4F5BA82} = {881589EE-639B-0A35-DBCE-5D94E4FC90C0}
		{31F89098-E648-4395-B414-F5EB9DE64550} = {881589EE-639B-0A35-DBCE-5D94E4FC90C0}
		{AFA2E92F-BD86-4B6E-B905-34E08BC292AB} = {881589EE-639B-0A35-DBCE-5D94E4FC90C0}
		{0AB22212-EA79-49C2-B34A-A7506BE77108} = {881589EE-639B-0A35-DBCE-5D94E4FC90C0}
		{E3D62F0E-BEE4-45A8-A0B6-BC6FBDD4E228} = {881589EE-639B-0A35-DBCE-5D94E4FC90C0}
		{CC53FF14-07A9-4933-BB8B-393B54BD1688} = {881589EE-639B-0A35-DBCE-5D94E4FC90C0}
	EndGlobalSection
EndGlobal
