
Microsoft Visual Studio Solution File, Format Version 12.00
# Visual Studio Version 17
VisualStudioVersion = 17.0.31903.59
MinimumVisualStudioVersion = 10.0.40219.1
Project("{2150E333-8FDC-42A3-9474-1A3956D46DE8}") = "Common", "Common", "{881589EE-639B-0A35-DBCE-5D94E4FC90C0}"
EndProject
Project("{FAE04EC0-301F-11D3-BF4B-00C04F79EFBC}") = "Kida.Identity.Contracts", "Contracts\Kida.Identity.Contracts\Kida.Identity.Contracts.csproj", "{6F1B2DDD-47CF-480A-9967-26C2C92D4F31}"
EndProject
Project("{FAE04EC0-301F-11D3-BF4B-00C04F79EFBC}") = "HaleyAbstractions", "..\..\HaleyProject\HaleyAbstractions\HaleyAbstractions\HaleyAbstractions.csproj", "{90F7F75C-836C-40F5-85CD-7D07D67CB6E6}"
EndProject
Project("{FAE04EC0-301F-11D3-BF4B-00C04F79EFBC}") = "HaleyExtensions", "..\..\HaleyProject\HaleyExtensions\HaleyExtensions\HaleyExtensions.csproj", "{D37144A0-863A-451A-9865-03A2CF78C0E9}"
EndProject
Project("{FAE04EC0-301F-11D3-BF4B-00C04F79EFBC}") = "HaleyHelpers", "..\..\HaleyProject\HaleyHelpers\HaleyHelpers\HaleyHelpers.csproj", "{F3BB398B-C3C4-4F2A-9F57-A17FDCF68275}"
EndProject
Project("{FAE04EC0-301F-11D3-BF4B-00C04F79EFBC}") = "Kida.Access.Contracts", "Contracts\Kida.Access.Contracts\Kida.Access.Contracts.csproj", "{7E6DEEE4-850A-4FCF-9FD9-1BEC83792C9A}"
EndProject
Project("{FAE04EC0-301F-11D3-BF4B-00C04F79EFBC}") = "Kida.Access.Domain", "Contracts\Kida.Access.Domain\Kida.Access.Domain.csproj", "{1087A19B-9DCF-4EB8-ADA9-771456214394}"
EndProject
Project("{FAE04EC0-301F-11D3-BF4B-00C04F79EFBC}") = "Kida.Tenancy.Contracts", "Contracts\Kida.Tenancy.Contracts\Kida.Tenancy.Contracts.csproj", "{3B04BC37-9345-4E97-BA6E-283692DEBF7E}"
EndProject
Project("{FAE04EC0-301F-11D3-BF4B-00C04F79EFBC}") = "Kida.Contracts", "Contracts\Kida.Contracts\Kida.Contracts.csproj", "{3A96288E-00C1-4E5D-928F-B23FC62098CE}"
EndProject
Project("{FAE04EC0-301F-11D3-BF4B-00C04F79EFBC}") = "Kida.Service.Client", "Clients\Kida.Service.Client\Kida.Service.Client.csproj", "{2616B73F-D992-4AA3-8343-1FEC9A2A659D}"
EndProject
Project("{FAE04EC0-301F-11D3-BF4B-00C04F79EFBC}") = "HaleyRest", "..\..\HaleyProject\HaleyRest\HaleyRest\HaleyRest.csproj", "{DDB7FFF1-B516-44C1-A704-23381E072A1D}"
EndProject
Project("{FAE04EC0-301F-11D3-BF4B-00C04F79EFBC}") = "Kida.ResourceServer", "ResourceServer\Kida.ResourceServer\Kida.ResourceServer.csproj", "{2103F0A5-C052-4309-AFD0-E79371E91782}"
EndProject
Project("{FAE04EC0-301F-11D3-BF4B-00C04F79EFBC}") = "HaleyHelpersWeb", "..\..\HaleyProject\HaleyHelpers.Web\HaleyHelpersWeb\HaleyHelpersWeb.csproj", "{DC1C5044-4082-4367-86C4-90D6F604F476}"
EndProject
Project("{FAE04EC0-301F-11D3-BF4B-00C04F79EFBC}") = "HaleyHelpersDB", "..\..\HaleyProject\HaleyHelpers.DB\HaleyHelpersDB\HaleyHelpersDB.csproj", "{62B33645-C267-4BD5-B13E-874960EF92A7}"
EndProject
Project("{FAE04EC0-301F-11D3-BF4B-00C04F79EFBC}") = "HaleyAbstractionsCore", "..\..\HaleyProject\HaleyAbstractions.Core\HaleyAbstractionsCore\HaleyAbstractionsCore.csproj", "{05E69561-53C2-44BA-B2E4-E670950D4386}"
EndProject
Project("{FAE04EC0-301F-11D3-BF4B-00C04F79EFBC}") = "Kida.AuthEdge", "AuthEdge\Kida.AuthEdge\Kida.AuthEdge.csproj", "{F2396B1D-A67C-43C5-9371-19FCD0246D81}"
EndProject
Project("{2150E333-8FDC-42A3-9474-1A3956D46DE8}") = "Haley", "Haley", "{EFEDF492-E40B-AD56-E85B-4AEF1412A5E7}"
EndProject
Global
	GlobalSection(SolutionConfigurationPlatforms) = preSolution
		Debug|Any CPU = Debug|Any CPU
		Debug|x64 = Debug|x64
		Debug|x86 = Debug|x86
		Release|Any CPU = Release|Any CPU
		Release|x64 = Release|x64
		Release|x86 = Release|x86
	EndGlobalSection
	GlobalSection(ProjectConfigurationPlatforms) = postSolution
		{6F1B2DDD-47CF-480A-9967-26C2C92D4F31}.Debug|Any CPU.ActiveCfg = Debug|Any CPU
		{6F1B2DDD-47CF-480A-9967-26C2C92D4F31}.Debug|Any CPU.Build.0 = Debug|Any CPU
		{6F1B2DDD-47CF-480A-9967-26C2C92D4F31}.Debug|x64.ActiveCfg = Debug|Any CPU
		{6F1B2DDD-47CF-480A-9967-26C2C92D4F31}.Debug|x64.Build.0 = Debug|Any CPU
		{6F1B2DDD-47CF-480A-9967-26C2C92D4F31}.Debug|x86.ActiveCfg = Debug|Any CPU
		{6F1B2DDD-47CF-480A-9967-26C2C92D4F31}.Debug|x86.Build.0 = Debug|Any CPU
		{6F1B2DDD-47CF-480A-9967-26C2C92D4F31}.Release|Any CPU.ActiveCfg = Release|Any CPU
		{6F1B2DDD-47CF-480A-9967-26C2C92D4F31}.Release|Any CPU.Build.0 = Release|Any CPU
		{6F1B2DDD-47CF-480A-9967-26C2C92D4F31}.Release|x64.ActiveCfg = Release|Any CPU
		{6F1B2DDD-47CF-480A-9967-26C2C92D4F31}.Release|x64.Build.0 = Release|Any CPU
		{6F1B2DDD-47CF-480A-9967-26C2C92D4F31}.Release|x86.ActiveCfg = Release|Any CPU
		{6F1B2DDD-47CF-480A-9967-26C2C92D4F31}.Release|x86.Build.0 = Release|Any CPU
		{90F7F75C-836C-40F5-85CD-7D07D67CB6E6}.Debug|Any CPU.ActiveCfg = Debug|Any CPU
		{90F7F75C-836C-40F5-85CD-7D07D67CB6E6}.Debug|Any CPU.Build.0 = Debug|Any CPU
		{90F7F75C-836C-40F5-85CD-7D07D67CB6E6}.Debug|x64.ActiveCfg = Debug|Any CPU
		{90F7F75C-836C-40F5-85CD-7D07D67CB6E6}.Debug|x64.Build.0 = Debug|Any CPU
		{90F7F75C-836C-40F5-85CD-7D07D67CB6E6}.Debug|x86.ActiveCfg = Debug|Any CPU
		{90F7F75C-836C-40F5-85CD-7D07D67CB6E6}.Debug|x86.Build.0 = Debug|Any CPU
		{90F7F75C-836C-40F5-85CD-7D07D67CB6E6}.Release|Any CPU.ActiveCfg = Release|Any CPU
		{90F7F75C-836C-40F5-85CD-7D07D67CB6E6}.Release|Any CPU.Build.0 = Release|Any CPU
		{90F7F75C-836C-40F5-85CD-7D07D67CB6E6}.Release|x64.ActiveCfg = Release|Any CPU
		{90F7F75C-836C-40F5-85CD-7D07D67CB6E6}.Release|x64.Build.0 = Release|Any CPU
		{90F7F75C-836C-40F5-85CD-7D07D67CB6E6}.Release|x86.ActiveCfg = Release|Any CPU
		{90F7F75C-836C-40F5-85CD-7D07D67CB6E6}.Release|x86.Build.0 = Release|Any CPU
		{D37144A0-863A-451A-9865-03A2CF78C0E9}.Debug|Any CPU.ActiveCfg = Debug|Any CPU
		{D37144A0-863A-451A-9865-03A2CF78C0E9}.Debug|Any CPU.Build.0 = Debug|Any CPU
		{D37144A0-863A-451A-9865-03A2CF78C0E9}.Debug|x64.ActiveCfg = Debug|Any CPU
		{D37144A0-863A-451A-9865-03A2CF78C0E9}.Debug|x64.Build.0 = Debug|Any CPU
		{D37144A0-863A-451A-9865-03A2CF78C0E9}.Debug|x86.ActiveCfg = Debug|Any CPU
		{D37144A0-863A-451A-9865-03A2CF78C0E9}.Debug|x86.Build.0 = Debug|Any CPU
		{D37144A0-863A-451A-9865-03A2CF78C0E9}.Release|Any CPU.ActiveCfg = Release|Any CPU
		{D37144A0-863A-451A-9865-03A2CF78C0E9}.Release|Any CPU.Build.0 = Release|Any CPU
		{D37144A0-863A-451A-9865-03A2CF78C0E9}.Release|x64.ActiveCfg = Release|Any CPU
		{D37144A0-863A-451A-9865-03A2CF78C0E9}.Release|x64.Build.0 = Release|Any CPU
		{D37144A0-863A-451A-9865-03A2CF78C0E9}.Release|x86.ActiveCfg = Release|Any CPU
		{D37144A0-863A-451A-9865-03A2CF78C0E9}.Release|x86.Build.0 = Release|Any CPU
		{F3BB398B-C3C4-4F2A-9F57-A17FDCF68275}.Debug|Any CPU.ActiveCfg = Debug|Any CPU
		{F3BB398B-C3C4-4F2A-9F57-A17FDCF68275}.Debug|Any CPU.Build.0 = Debug|Any CPU
		{F3BB398B-C3C4-4F2A-9F57-A17FDCF68275}.Debug|x64.ActiveCfg = Debug|Any CPU
		{F3BB398B-C3C4-4F2A-9F57-A17FDCF68275}.Debug|x64.Build.0 = Debug|Any CPU
		{F3BB398B-C3C4-4F2A-9F57-A17FDCF68275}.Debug|x86.ActiveCfg = Debug|Any CPU
		{F3BB398B-C3C4-4F2A-9F57-A17FDCF68275}.Debug|x86.Build.0 = Debug|Any CPU
		{F3BB398B-C3C4-4F2A-9F57-A17FDCF68275}.Release|Any CPU.ActiveCfg = Release|Any CPU
		{F3BB398B-C3C4-4F2A-9F57-A17FDCF68275}.Release|Any CPU.Build.0 = Release|Any CPU
		{F3BB398B-C3C4-4F2A-9F57-A17FDCF68275}.Release|x64.ActiveCfg = Release|Any CPU
		{F3BB398B-C3C4-4F2A-9F57-A17FDCF68275}.Release|x64.Build.0 = Release|Any CPU
		{F3BB398B-C3C4-4F2A-9F57-A17FDCF68275}.Release|x86.ActiveCfg = Release|Any CPU
		{F3BB398B-C3C4-4F2A-9F57-A17FDCF68275}.Release|x86.Build.0 = Release|Any CPU
		{7E6DEEE4-850A-4FCF-9FD9-1BEC83792C9A}.Debug|Any CPU.ActiveCfg = Debug|Any CPU
		{7E6DEEE4-850A-4FCF-9FD9-1BEC83792C9A}.Debug|Any CPU.Build.0 = Debug|Any CPU
		{7E6DEEE4-850A-4FCF-9FD9-1BEC83792C9A}.Debug|x64.ActiveCfg = Debug|Any CPU
		{7E6DEEE4-850A-4FCF-9FD9-1BEC83792C9A}.Debug|x64.Build.0 = Debug|Any CPU
		{7E6DEEE4-850A-4FCF-9FD9-1BEC83792C9A}.Debug|x86.ActiveCfg = Debug|Any CPU
		{7E6DEEE4-850A-4FCF-9FD9-1BEC83792C9A}.Debug|x86.Build.0 = Debug|Any CPU
		{7E6DEEE4-850A-4FCF-9FD9-1BEC83792C9A}.Release|Any CPU.ActiveCfg = Release|Any CPU
		{7E6DEEE4-850A-4FCF-9FD9-1BEC83792C9A}.Release|Any CPU.Build.0 = Release|Any CPU
		{7E6DEEE4-850A-4FCF-9FD9-1BEC83792C9A}.Release|x64.ActiveCfg = Release|Any CPU
		{7E6DEEE4-850A-4FCF-9FD9-1BEC83792C9A}.Release|x64.Build.0 = Release|Any CPU
		{7E6DEEE4-850A-4FCF-9FD9-1BEC83792C9A}.Release|x86.ActiveCfg = Release|Any CPU
		{7E6DEEE4-850A-4FCF-9FD9-1BEC83792C9A}.Release|x86.Build.0 = Release|Any CPU
		{1087A19B-9DCF-4EB8-ADA9-771456214394}.Debug|Any CPU.ActiveCfg = Debug|Any CPU
		{1087A19B-9DCF-4EB8-ADA9-771456214394}.Debug|Any CPU.Build.0 = Debug|Any CPU
		{1087A19B-9DCF-4EB8-ADA9-771456214394}.Debug|x64.ActiveCfg = Debug|Any CPU
		{1087A19B-9DCF-4EB8-ADA9-771456214394}.Debug|x64.Build.0 = Debug|Any CPU
		{1087A19B-9DCF-4EB8-ADA9-771456214394}.Debug|x86.ActiveCfg = Debug|Any CPU
		{1087A19B-9DCF-4EB8-ADA9-771456214394}.Debug|x86.Build.0 = Debug|Any CPU
		{1087A19B-9DCF-4EB8-ADA9-771456214394}.Release|Any CPU.ActiveCfg = Release|Any CPU
		{1087A19B-9DCF-4EB8-ADA9-771456214394}.Release|Any CPU.Build.0 = Release|Any CPU
		{1087A19B-9DCF-4EB8-ADA9-771456214394}.Release|x64.ActiveCfg = Release|Any CPU
		{1087A19B-9DCF-4EB8-ADA9-771456214394}.Release|x64.Build.0 = Release|Any CPU
		{1087A19B-9DCF-4EB8-ADA9-771456214394}.Release|x86.ActiveCfg = Release|Any CPU
		{1087A19B-9DCF-4EB8-ADA9-771456214394}.Release|x86.Build.0 = Release|Any CPU
		{3B04BC37-9345-4E97-BA6E-283692DEBF7E}.Debug|Any CPU.ActiveCfg = Debug|Any CPU
		{3B04BC37-9345-4E97-BA6E-283692DEBF7E}.Debug|Any CPU.Build.0 = Debug|Any CPU
		{3B04BC37-9345-4E97-BA6E-283692DEBF7E}.Debug|x64.ActiveCfg = Debug|Any CPU
		{3B04BC37-9345-4E97-BA6E-283692DEBF7E}.Debug|x64.Build.0 = Debug|Any CPU
		{3B04BC37-9345-4E97-BA6E-283692DEBF7E}.Debug|x86.ActiveCfg = Debug|Any CPU
		{3B04BC37-9345-4E97-BA6E-283692DEBF7E}.Debug|x86.Build.0 = Debug|Any CPU
		{3B04BC37-9345-4E97-BA6E-283692DEBF7E}.Release|Any CPU.ActiveCfg = Release|Any CPU
		{3B04BC37-9345-4E97-BA6E-283692DEBF7E}.Release|Any CPU.Build.0 = Release|Any CPU
		{3B04BC37-9345-4E97-BA6E-283692DEBF7E}.Release|x64.ActiveCfg = Release|Any CPU
		{3B04BC37-9345-4E97-BA6E-283692DEBF7E}.Release|x64.Build.0 = Release|Any CPU
		{3B04BC37-9345-4E97-BA6E-283692DEBF7E}.Release|x86.ActiveCfg = Release|Any CPU
		{3B04BC37-9345-4E97-BA6E-283692DEBF7E}.Release|x86.Build.0 = Release|Any CPU
		{3A96288E-00C1-4E5D-928F-B23FC62098CE}.Debug|Any CPU.ActiveCfg = Debug|Any CPU
		{3A96288E-00C1-4E5D-928F-B23FC62098CE}.Debug|Any CPU.Build.0 = Debug|Any CPU
		{3A96288E-00C1-4E5D-928F-B23FC62098CE}.Debug|x64.ActiveCfg = Debug|Any CPU
		{3A96288E-00C1-4E5D-928F-B23FC62098CE}.Debug|x64.Build.0 = Debug|Any CPU
		{3A96288E-00C1-4E5D-928F-B23FC62098CE}.Debug|x86.ActiveCfg = Debug|Any CPU
		{3A96288E-00C1-4E5D-928F-B23FC62098CE}.Debug|x86.Build.0 = Debug|Any CPU
		{3A96288E-00C1-4E5D-928F-B23FC62098CE}.Release|Any CPU.ActiveCfg = Release|Any CPU
		{3A96288E-00C1-4E5D-928F-B23FC62098CE}.Release|Any CPU.Build.0 = Release|Any CPU
		{3A96288E-00C1-4E5D-928F-B23FC62098CE}.Release|x64.ActiveCfg = Release|Any CPU
		{3A96288E-00C1-4E5D-928F-B23FC62098CE}.Release|x64.Build.0 = Release|Any CPU
		{3A96288E-00C1-4E5D-928F-B23FC62098CE}.Release|x86.ActiveCfg = Release|Any CPU
		{3A96288E-00C1-4E5D-928F-B23FC62098CE}.Release|x86.Build.0 = Release|Any CPU
		{2616B73F-D992-4AA3-8343-1FEC9A2A659D}.Debug|Any CPU.ActiveCfg = Debug|Any CPU
		{2616B73F-D992-4AA3-8343-1FEC9A2A659D}.Debug|Any CPU.Build.0 = Debug|Any CPU
		{2616B73F-D992-4AA3-8343-1FEC9A2A659D}.Debug|x64.ActiveCfg = Debug|Any CPU
		{2616B73F-D992-4AA3-8343-1FEC9A2A659D}.Debug|x64.Build.0 = Debug|Any CPU
		{2616B73F-D992-4AA3-8343-1FEC9A2A659D}.Debug|x86.ActiveCfg = Debug|Any CPU
		{2616B73F-D992-4AA3-8343-1FEC9A2A659D}.Debug|x86.Build.0 = Debug|Any CPU
		{2616B73F-D992-4AA3-8343-1FEC9A2A659D}.Release|Any CPU.ActiveCfg = Release|Any CPU
		{2616B73F-D992-4AA3-8343-1FEC9A2A659D}.Release|Any CPU.Build.0 = Release|Any CPU
		{2616B73F-D992-4AA3-8343-1FEC9A2A659D}.Release|x64.ActiveCfg = Release|Any CPU
		{2616B73F-D992-4AA3-8343-1FEC9A2A659D}.Release|x64.Build.0 = Release|Any CPU
		{2616B73F-D992-4AA3-8343-1FEC9A2A659D}.Release|x86.ActiveCfg = Release|Any CPU
		{2616B73F-D992-4AA3-8343-1FEC9A2A659D}.Release|x86.Build.0 = Release|Any CPU
		{DDB7FFF1-B516-44C1-A704-23381E072A1D}.Debug|Any CPU.ActiveCfg = Debug|Any CPU
		{DDB7FFF1-B516-44C1-A704-23381E072A1D}.Debug|Any CPU.Build.0 = Debug|Any CPU
		{DDB7FFF1-B516-44C1-A704-23381E072A1D}.Debug|x64.ActiveCfg = Debug|Any CPU
		{DDB7FFF1-B516-44C1-A704-23381E072A1D}.Debug|x64.Build.0 = Debug|Any CPU
		{DDB7FFF1-B516-44C1-A704-23381E072A1D}.Debug|x86.ActiveCfg = Debug|Any CPU
		{DDB7FFF1-B516-44C1-A704-23381E072A1D}.Debug|x86.Build.0 = Debug|Any CPU
		{DDB7FFF1-B516-44C1-A704-23381E072A1D}.Release|Any CPU.ActiveCfg = Release|Any CPU
		{DDB7FFF1-B516-44C1-A704-23381E072A1D}.Release|Any CPU.Build.0 = Release|Any CPU
		{DDB7FFF1-B516-44C1-A704-23381E072A1D}.Release|x64.ActiveCfg = Release|Any CPU
		{DDB7FFF1-B516-44C1-A704-23381E072A1D}.Release|x64.Build.0 = Release|Any CPU
		{DDB7FFF1-B516-44C1-A704-23381E072A1D}.Release|x86.ActiveCfg = Release|Any CPU
		{DDB7FFF1-B516-44C1-A704-23381E072A1D}.Release|x86.Build.0 = Release|Any CPU
		{2103F0A5-C052-4309-AFD0-E79371E91782}.Debug|Any CPU.ActiveCfg = Debug|Any CPU
		{2103F0A5-C052-4309-AFD0-E79371E91782}.Debug|Any CPU.Build.0 = Debug|Any CPU
		{2103F0A5-C052-4309-AFD0-E79371E91782}.Debug|x64.ActiveCfg = Debug|Any CPU
		{2103F0A5-C052-4309-AFD0-E79371E91782}.Debug|x64.Build.0 = Debug|Any CPU
		{2103F0A5-C052-4309-AFD0-E79371E91782}.Debug|x86.ActiveCfg = Debug|Any CPU
		{2103F0A5-C052-4309-AFD0-E79371E91782}.Debug|x86.Build.0 = Debug|Any CPU
		{2103F0A5-C052-4309-AFD0-E79371E91782}.Release|Any CPU.ActiveCfg = Release|Any CPU
		{2103F0A5-C052-4309-AFD0-E79371E91782}.Release|Any CPU.Build.0 = Release|Any CPU
		{2103F0A5-C052-4309-AFD0-E79371E91782}.Release|x64.ActiveCfg = Release|Any CPU
		{2103F0A5-C052-4309-AFD0-E79371E91782}.Release|x64.Build.0 = Release|Any CPU
		{2103F0A5-C052-4309-AFD0-E79371E91782}.Release|x86.ActiveCfg = Release|Any CPU
		{2103F0A5-C052-4309-AFD0-E79371E91782}.Release|x86.Build.0 = Release|Any CPU
		{DC1C5044-4082-4367-86C4-90D6F604F476}.Debug|Any CPU.ActiveCfg = Debug|Any CPU
		{DC1C5044-4082-4367-86C4-90D6F604F476}.Debug|Any CPU.Build.0 = Debug|Any CPU
		{DC1C5044-4082-4367-86C4-90D6F604F476}.Debug|x64.ActiveCfg = Debug|Any CPU
		{DC1C5044-4082-4367-86C4-90D6F604F476}.Debug|x64.Build.0 = Debug|Any CPU
		{DC1C5044-4082-4367-86C4-90D6F604F476}.Debug|x86.ActiveCfg = Debug|Any CPU
		{DC1C5044-4082-4367-86C4-90D6F604F476}.Debug|x86.Build.0 = Debug|Any CPU
		{DC1C5044-4082-4367-86C4-90D6F604F476}.Release|Any CPU.ActiveCfg = Release|Any CPU
		{DC1C5044-4082-4367-86C4-90D6F604F476}.Release|Any CPU.Build.0 = Release|Any CPU
		{DC1C5044-4082-4367-86C4-90D6F604F476}.Release|x64.ActiveCfg = Release|Any CPU
		{DC1C5044-4082-4367-86C4-90D6F604F476}.Release|x64.Build.0 = Release|Any CPU
		{DC1C5044-4082-4367-86C4-90D6F604F476}.Release|x86.ActiveCfg = Release|Any CPU
		{DC1C5044-4082-4367-86C4-90D6F604F476}.Release|x86.Build.0 = Release|Any CPU
		{62B33645-C267-4BD5-B13E-874960EF92A7}.Debug|Any CPU.ActiveCfg = Debug|Any CPU
		{62B33645-C267-4BD5-B13E-874960EF92A7}.Debug|Any CPU.Build.0 = Debug|Any CPU
		{62B33645-C267-4BD5-B13E-874960EF92A7}.Debug|x64.ActiveCfg = Debug|Any CPU
		{62B33645-C267-4BD5-B13E-874960EF92A7}.Debug|x64.Build.0 = Debug|Any CPU
		{62B33645-C267-4BD5-B13E-874960EF92A7}.Debug|x86.ActiveCfg = Debug|Any CPU
		{62B33645-C267-4BD5-B13E-874960EF92A7}.Debug|x86.Build.0 = Debug|Any CPU
		{62B33645-C267-4BD5-B13E-874960EF92A7}.Release|Any CPU.ActiveCfg = Release|Any CPU
		{62B33645-C267-4BD5-B13E-874960EF92A7}.Release|Any CPU.Build.0 = Release|Any CPU
		{62B33645-C267-4BD5-B13E-874960EF92A7}.Release|x64.ActiveCfg = Release|Any CPU
		{62B33645-C267-4BD5-B13E-874960EF92A7}.Release|x64.Build.0 = Release|Any CPU
		{62B33645-C267-4BD5-B13E-874960EF92A7}.Release|x86.ActiveCfg = Release|Any CPU
		{62B33645-C267-4BD5-B13E-874960EF92A7}.Release|x86.Build.0 = Release|Any CPU
		{05E69561-53C2-44BA-B2E4-E670950D4386}.Debug|Any CPU.ActiveCfg = Debug|Any CPU
		{05E69561-53C2-44BA-B2E4-E670950D4386}.Debug|Any CPU.Build.0 = Debug|Any CPU
		{05E69561-53C2-44BA-B2E4-E670950D4386}.Debug|x64.ActiveCfg = Debug|Any CPU
		{05E69561-53C2-44BA-B2E4-E670950D4386}.Debug|x64.Build.0 = Debug|Any CPU
		{05E69561-53C2-44BA-B2E4-E670950D4386}.Debug|x86.ActiveCfg = Debug|Any CPU
		{05E69561-53C2-44BA-B2E4-E670950D4386}.Debug|x86.Build.0 = Debug|Any CPU
		{05E69561-53C2-44BA-B2E4-E670950D4386}.Release|Any CPU.ActiveCfg = Release|Any CPU
		{05E69561-53C2-44BA-B2E4-E670950D4386}.Release|Any CPU.Build.0 = Release|Any CPU
		{05E69561-53C2-44BA-B2E4-E670950D4386}.Release|x64.ActiveCfg = Release|Any CPU
		{05E69561-53C2-44BA-B2E4-E670950D4386}.Release|x64.Build.0 = Release|Any CPU
		{05E69561-53C2-44BA-B2E4-E670950D4386}.Release|x86.ActiveCfg = Release|Any CPU
		{05E69561-53C2-44BA-B2E4-E670950D4386}.Release|x86.Build.0 = Release|Any CPU
		{F2396B1D-A67C-43C5-9371-19FCD0246D81}.Debug|Any CPU.ActiveCfg = Debug|Any CPU
		{F2396B1D-A67C-43C5-9371-19FCD0246D81}.Debug|Any CPU.Build.0 = Debug|Any CPU
		{F2396B1D-A67C-43C5-9371-19FCD0246D81}.Debug|x64.ActiveCfg = Debug|Any CPU
		{F2396B1D-A67C-43C5-9371-19FCD0246D81}.Debug|x64.Build.0 = Debug|Any CPU
		{F2396B1D-A67C-43C5-9371-19FCD0246D81}.Debug|x86.ActiveCfg = Debug|Any CPU
		{F2396B1D-A67C-43C5-9371-19FCD0246D81}.Debug|x86.Build.0 = Debug|Any CPU
		{F2396B1D-A67C-43C5-9371-19FCD0246D81}.Release|Any CPU.ActiveCfg = Release|Any CPU
		{F2396B1D-A67C-43C5-9371-19FCD0246D81}.Release|Any CPU.Build.0 = Release|Any CPU
		{F2396B1D-A67C-43C5-9371-19FCD0246D81}.Release|x64.ActiveCfg = Release|Any CPU
		{F2396B1D-A67C-43C5-9371-19FCD0246D81}.Release|x64.Build.0 = Release|Any CPU
		{F2396B1D-A67C-43C5-9371-19FCD0246D81}.Release|x86.ActiveCfg = Release|Any CPU
		{F2396B1D-A67C-43C5-9371-19FCD0246D81}.Release|x86.Build.0 = Release|Any CPU
	EndGlobalSection
	GlobalSection(SolutionProperties) = preSolution
		HideSolutionNode = FALSE
	EndGlobalSection
	GlobalSection(NestedProjects) = preSolution
		{6F1B2DDD-47CF-480A-9967-26C2C92D4F31} = {881589EE-639B-0A35-DBCE-5D94E4FC90C0}
		{90F7F75C-836C-40F5-85CD-7D07D67CB6E6} = {881589EE-639B-0A35-DBCE-5D94E4FC90C0}
		{D37144A0-863A-451A-9865-03A2CF78C0E9} = {881589EE-639B-0A35-DBCE-5D94E4FC90C0}
		{F3BB398B-C3C4-4F2A-9F57-A17FDCF68275} = {881589EE-639B-0A35-DBCE-5D94E4FC90C0}
		{7E6DEEE4-850A-4FCF-9FD9-1BEC83792C9A} = {881589EE-639B-0A35-DBCE-5D94E4FC90C0}
		{1087A19B-9DCF-4EB8-ADA9-771456214394} = {881589EE-639B-0A35-DBCE-5D94E4FC90C0}
		{3B04BC37-9345-4E97-BA6E-283692DEBF7E} = {881589EE-639B-0A35-DBCE-5D94E4FC90C0}
		{3A96288E-00C1-4E5D-928F-B23FC62098CE} = {881589EE-639B-0A35-DBCE-5D94E4FC90C0}
		{2616B73F-D992-4AA3-8343-1FEC9A2A659D} = {881589EE-639B-0A35-DBCE-5D94E4FC90C0}
		{DDB7FFF1-B516-44C1-A704-23381E072A1D} = {881589EE-639B-0A35-DBCE-5D94E4FC90C0}
		{2103F0A5-C052-4309-AFD0-E79371E91782} = {881589EE-639B-0A35-DBCE-5D94E4FC90C0}
		{DC1C5044-4082-4367-86C4-90D6F604F476} = {881589EE-639B-0A35-DBCE-5D94E4FC90C0}
		{62B33645-C267-4BD5-B13E-874960EF92A7} = {881589EE-639B-0A35-DBCE-5D94E4FC90C0}
		{05E69561-53C2-44BA-B2E4-E670950D4386} = {881589EE-639B-0A35-DBCE-5D94E4FC90C0}
		{F2396B1D-A67C-43C5-9371-19FCD0246D81} = {881589EE-639B-0A35-DBCE-5D94E4FC90C0}
	EndGlobalSection
EndGlobal
